// !$*UTF8*$!
{
	archiveVersion = 1;
	classes = {
	};
	objectVersion = 56;
	objects = {

/* Begin PBXBuildFile section */
		4C8212FF2A1E846900078D57 /* editAccountView.swift in Sources */ = {isa = PBXBuildFile; fileRef = 4C8212FE2A1E846900078D57 /* editAccountView.swift */; };
		4C8213012A1E854B00078D57 /* GoogleService-Info.plist in Resources */ = {isa = PBXBuildFile; fileRef = 4C8213002A1E854B00078D57 /* GoogleService-Info.plist */; };
		4F117D6429B94B310082997D /* HomeView.swift in Sources */ = {isa = PBXBuildFile; fileRef = 4F117D6329B94B310082997D /* HomeView.swift */; };
		4F117D6629B951020082997D /* LoginView.swift in Sources */ = {isa = PBXBuildFile; fileRef = 4F117D6529B951020082997D /* LoginView.swift */; };
		4F117D6A29BA96E00082997D /* RegisterView.swift in Sources */ = {isa = PBXBuildFile; fileRef = 4F117D6929BA96E00082997D /* RegisterView.swift */; };
		4F117D6C29BA97A40082997D /* ImagePicker.swift in Sources */ = {isa = PBXBuildFile; fileRef = 4F117D6B29BA97A40082997D /* ImagePicker.swift */; };
		4F31DB632995A1D00052A49B /* Firestore.swift in Sources */ = {isa = PBXBuildFile; fileRef = 4F31DB622995A1D00052A49B /* Firestore.swift */; };
		4F432AB129B7DFE400AE0478 /* AppDelegate.swift in Sources */ = {isa = PBXBuildFile; fileRef = 4F432AB029B7DFE400AE0478 /* AppDelegate.swift */; };
		4F4E3CD3298AF3C400049BA1 /* MapViewModel.swift in Sources */ = {isa = PBXBuildFile; fileRef = 4F4E3CD2298AF3C400049BA1 /* MapViewModel.swift */; };
		4F7088D42995A631005D205D /* FirebaseAnalytics in Frameworks */ = {isa = PBXBuildFile; productRef = 4F7088D32995A631005D205D /* FirebaseAnalytics */; };
		4F7088D62995A631005D205D /* FirebaseAnalyticsOnDeviceConversion in Frameworks */ = {isa = PBXBuildFile; productRef = 4F7088D52995A631005D205D /* FirebaseAnalyticsOnDeviceConversion */; };
		4F7088D82995A631005D205D /* FirebaseAnalyticsSwift in Frameworks */ = {isa = PBXBuildFile; productRef = 4F7088D72995A631005D205D /* FirebaseAnalyticsSwift */; };
		4F7088DA2995A631005D205D /* FirebaseAnalyticsWithoutAdIdSupport in Frameworks */ = {isa = PBXBuildFile; productRef = 4F7088D92995A631005D205D /* FirebaseAnalyticsWithoutAdIdSupport */; };
		4F7088DC2995A631005D205D /* FirebaseAppCheck in Frameworks */ = {isa = PBXBuildFile; productRef = 4F7088DB2995A631005D205D /* FirebaseAppCheck */; };
		4F7088DE2995A631005D205D /* FirebaseAppDistribution-Beta in Frameworks */ = {isa = PBXBuildFile; productRef = 4F7088DD2995A631005D205D /* FirebaseAppDistribution-Beta */; };
		4F7088E02995A631005D205D /* FirebaseAuth in Frameworks */ = {isa = PBXBuildFile; productRef = 4F7088DF2995A631005D205D /* FirebaseAuth */; };
		4F7088E22995A631005D205D /* FirebaseAuthCombine-Community in Frameworks */ = {isa = PBXBuildFile; productRef = 4F7088E12995A631005D205D /* FirebaseAuthCombine-Community */; };
		4F7088E42995A631005D205D /* FirebaseCrashlytics in Frameworks */ = {isa = PBXBuildFile; productRef = 4F7088E32995A631005D205D /* FirebaseCrashlytics */; };
		4F7088E62995A631005D205D /* FirebaseDatabase in Frameworks */ = {isa = PBXBuildFile; productRef = 4F7088E52995A631005D205D /* FirebaseDatabase */; };
		4F7088E82995A631005D205D /* FirebaseDatabaseSwift in Frameworks */ = {isa = PBXBuildFile; productRef = 4F7088E72995A631005D205D /* FirebaseDatabaseSwift */; };
		4F7088EA2995A631005D205D /* FirebaseDynamicLinks in Frameworks */ = {isa = PBXBuildFile; productRef = 4F7088E92995A631005D205D /* FirebaseDynamicLinks */; };
		4F7088EC2995A631005D205D /* FirebaseFirestore in Frameworks */ = {isa = PBXBuildFile; productRef = 4F7088EB2995A631005D205D /* FirebaseFirestore */; };
		4F7088EE2995A631005D205D /* FirebaseFirestoreCombine-Community in Frameworks */ = {isa = PBXBuildFile; productRef = 4F7088ED2995A631005D205D /* FirebaseFirestoreCombine-Community */; };
		4F7088F02995A631005D205D /* FirebaseFirestoreSwift in Frameworks */ = {isa = PBXBuildFile; productRef = 4F7088EF2995A631005D205D /* FirebaseFirestoreSwift */; };
		4F7088F22995A631005D205D /* FirebaseFunctions in Frameworks */ = {isa = PBXBuildFile; productRef = 4F7088F12995A631005D205D /* FirebaseFunctions */; };
		4F7088F42995A631005D205D /* FirebaseFunctionsCombine-Community in Frameworks */ = {isa = PBXBuildFile; productRef = 4F7088F32995A631005D205D /* FirebaseFunctionsCombine-Community */; };
		4F7088F62995A631005D205D /* FirebaseInAppMessaging-Beta in Frameworks */ = {isa = PBXBuildFile; productRef = 4F7088F52995A631005D205D /* FirebaseInAppMessaging-Beta */; };
		4F7088F82995A631005D205D /* FirebaseInAppMessagingSwift-Beta in Frameworks */ = {isa = PBXBuildFile; productRef = 4F7088F72995A631005D205D /* FirebaseInAppMessagingSwift-Beta */; };
		4F7088FA2995A631005D205D /* FirebaseInstallations in Frameworks */ = {isa = PBXBuildFile; productRef = 4F7088F92995A631005D205D /* FirebaseInstallations */; };
		4F7088FC2995A631005D205D /* FirebaseMLModelDownloader in Frameworks */ = {isa = PBXBuildFile; productRef = 4F7088FB2995A631005D205D /* FirebaseMLModelDownloader */; };
		4F7088FE2995A631005D205D /* FirebaseMessaging in Frameworks */ = {isa = PBXBuildFile; productRef = 4F7088FD2995A631005D205D /* FirebaseMessaging */; };
		4F7089002995A631005D205D /* FirebasePerformance in Frameworks */ = {isa = PBXBuildFile; productRef = 4F7088FF2995A631005D205D /* FirebasePerformance */; };
		4F7089022995A631005D205D /* FirebaseRemoteConfig in Frameworks */ = {isa = PBXBuildFile; productRef = 4F7089012995A631005D205D /* FirebaseRemoteConfig */; };
		4F7089042995A631005D205D /* FirebaseRemoteConfigSwift in Frameworks */ = {isa = PBXBuildFile; productRef = 4F7089032995A631005D205D /* FirebaseRemoteConfigSwift */; };
		4F7089062995A631005D205D /* FirebaseStorage in Frameworks */ = {isa = PBXBuildFile; productRef = 4F7089052995A631005D205D /* FirebaseStorage */; };
		4F7089082995A631005D205D /* FirebaseStorageCombine-Community in Frameworks */ = {isa = PBXBuildFile; productRef = 4F7089072995A631005D205D /* FirebaseStorageCombine-Community */; };
		4F73290329BE701C00B280C3 /* FriendsView.swift in Sources */ = {isa = PBXBuildFile; fileRef = 4F73290229BE701C00B280C3 /* FriendsView.swift */; };
		4FAC40982983183C00C467E8 /* MapView.swift in Sources */ = {isa = PBXBuildFile; fileRef = 4FAC4096298317AB00C467E8 /* MapView.swift */; };
		4FAC409C29831F3900C467E8 /* AccountView.swift in Sources */ = {isa = PBXBuildFile; fileRef = 4FAC409B29831F3900C467E8 /* AccountView.swift */; };
		4FAC409E29831FF000C467E8 /* Connections.swift in Sources */ = {isa = PBXBuildFile; fileRef = 4FAC409D29831FF000C467E8 /* Connections.swift */; };
		6573F7AE29BE81C40043D75C /* LocationServices.swift in Sources */ = {isa = PBXBuildFile; fileRef = 6573F7AD29BE81C40043D75C /* LocationServices.swift */; };
		65F7BB6F2980733900CB06E6 /* MissMe.swift in Sources */ = {isa = PBXBuildFile; fileRef = 65F7BB6E2980733900CB06E6 /* MissMe.swift */; };
		65F7BB732980733A00CB06E6 /* Assets.xcassets in Resources */ = {isa = PBXBuildFile; fileRef = 65F7BB722980733A00CB06E6 /* Assets.xcassets */; };
		65F7BB762980733A00CB06E6 /* Preview Assets.xcassets in Resources */ = {isa = PBXBuildFile; fileRef = 65F7BB752980733A00CB06E6 /* Preview Assets.xcassets */; };
		65F7BB782980733A00CB06E6 /* Persistence.swift in Sources */ = {isa = PBXBuildFile; fileRef = 65F7BB772980733A00CB06E6 /* Persistence.swift */; };
		65F7BB7B2980733A00CB06E6 /* App.xcdatamodeld in Sources */ = {isa = PBXBuildFile; fileRef = 65F7BB792980733A00CB06E6 /* App.xcdatamodeld */; };
		65F7BB862980733B00CB06E6 /* AppTests.swift in Sources */ = {isa = PBXBuildFile; fileRef = 65F7BB852980733B00CB06E6 /* AppTests.swift */; };
		65F7BB902980733B00CB06E6 /* AppUITests.swift in Sources */ = {isa = PBXBuildFile; fileRef = 65F7BB8F2980733B00CB06E6 /* AppUITests.swift */; };
		65F7BB922980733B00CB06E6 /* AppUITestsLaunchTests.swift in Sources */ = {isa = PBXBuildFile; fileRef = 65F7BB912980733B00CB06E6 /* AppUITestsLaunchTests.swift */; };
/* End PBXBuildFile section */

/* Begin PBXContainerItemProxy section */
		65F7BB822980733B00CB06E6 /* PBXContainerItemProxy */ = {
			isa = PBXContainerItemProxy;
			containerPortal = 65F7BB632980733800CB06E6 /* Project object */;
			proxyType = 1;
			remoteGlobalIDString = 65F7BB6A2980733800CB06E6;
			remoteInfo = App;
		};
		65F7BB8C2980733B00CB06E6 /* PBXContainerItemProxy */ = {
			isa = PBXContainerItemProxy;
			containerPortal = 65F7BB632980733800CB06E6 /* Project object */;
			proxyType = 1;
			remoteGlobalIDString = 65F7BB6A2980733800CB06E6;
			remoteInfo = App;
		};
/* End PBXContainerItemProxy section */

/* Begin PBXFileReference section */
		4C8212FE2A1E846900078D57 /* editAccountView.swift */ = {isa = PBXFileReference; fileEncoding = 4; lastKnownFileType = sourcecode.swift; name = editAccountView.swift; path = "../../../../../../Library/Messages/Attachments/95/05/569C392C-B0DD-401C-9764-FBE8A4A9FBD9/editAccountView.swift"; sourceTree = "<group>"; };
		4C8213002A1E854B00078D57 /* GoogleService-Info.plist */ = {isa = PBXFileReference; fileEncoding = 4; lastKnownFileType = text.plist.xml; path = "GoogleService-Info.plist"; sourceTree = "<group>"; };
		4F117D6329B94B310082997D /* HomeView.swift */ = {isa = PBXFileReference; lastKnownFileType = sourcecode.swift; path = HomeView.swift; sourceTree = "<group>"; };
		4F117D6529B951020082997D /* LoginView.swift */ = {isa = PBXFileReference; lastKnownFileType = sourcecode.swift; path = LoginView.swift; sourceTree = "<group>"; };
		4F117D6929BA96E00082997D /* RegisterView.swift */ = {isa = PBXFileReference; lastKnownFileType = sourcecode.swift; path = RegisterView.swift; sourceTree = "<group>"; };
		4F117D6B29BA97A40082997D /* ImagePicker.swift */ = {isa = PBXFileReference; lastKnownFileType = sourcecode.swift; path = ImagePicker.swift; sourceTree = "<group>"; };
		4F31DB622995A1D00052A49B /* Firestore.swift */ = {isa = PBXFileReference; lastKnownFileType = sourcecode.swift; path = Firestore.swift; sourceTree = "<group>"; };
		4F432AB029B7DFE400AE0478 /* AppDelegate.swift */ = {isa = PBXFileReference; lastKnownFileType = sourcecode.swift; path = AppDelegate.swift; sourceTree = "<group>"; };
		4F4E3CD2298AF3C400049BA1 /* MapViewModel.swift */ = {isa = PBXFileReference; lastKnownFileType = sourcecode.swift; path = MapViewModel.swift; sourceTree = "<group>"; };
		4F73290229BE701C00B280C3 /* FriendsView.swift */ = {isa = PBXFileReference; lastKnownFileType = sourcecode.swift; path = FriendsView.swift; sourceTree = "<group>"; };
		4FAC4096298317AB00C467E8 /* MapView.swift */ = {isa = PBXFileReference; lastKnownFileType = sourcecode.swift; path = MapView.swift; sourceTree = "<group>"; };
		4FAC409B29831F3900C467E8 /* AccountView.swift */ = {isa = PBXFileReference; lastKnownFileType = sourcecode.swift; path = AccountView.swift; sourceTree = "<group>"; };
		4FAC409D29831FF000C467E8 /* Connections.swift */ = {isa = PBXFileReference; lastKnownFileType = sourcecode.swift; path = Connections.swift; sourceTree = "<group>"; };
		6573F7AD29BE81C40043D75C /* LocationServices.swift */ = {isa = PBXFileReference; lastKnownFileType = sourcecode.swift; path = LocationServices.swift; sourceTree = "<group>"; };
		65F7BB6B2980733900CB06E6 /* App.app */ = {isa = PBXFileReference; explicitFileType = wrapper.application; includeInIndex = 0; path = App.app; sourceTree = BUILT_PRODUCTS_DIR; };
		65F7BB6E2980733900CB06E6 /* MissMe.swift */ = {isa = PBXFileReference; lastKnownFileType = sourcecode.swift; path = MissMe.swift; sourceTree = "<group>"; };
		65F7BB722980733A00CB06E6 /* Assets.xcassets */ = {isa = PBXFileReference; lastKnownFileType = folder.assetcatalog; path = Assets.xcassets; sourceTree = "<group>"; };
		65F7BB752980733A00CB06E6 /* Preview Assets.xcassets */ = {isa = PBXFileReference; lastKnownFileType = folder.assetcatalog; path = "Preview Assets.xcassets"; sourceTree = "<group>"; };
		65F7BB772980733A00CB06E6 /* Persistence.swift */ = {isa = PBXFileReference; lastKnownFileType = sourcecode.swift; path = Persistence.swift; sourceTree = "<group>"; };
		65F7BB7A2980733A00CB06E6 /* App.xcdatamodel */ = {isa = PBXFileReference; lastKnownFileType = wrapper.xcdatamodel; path = App.xcdatamodel; sourceTree = "<group>"; };
		65F7BB7C2980733A00CB06E6 /* Info.plist */ = {isa = PBXFileReference; lastKnownFileType = text.plist.xml; path = Info.plist; sourceTree = "<group>"; };
		65F7BB812980733B00CB06E6 /* AppTests.xctest */ = {isa = PBXFileReference; explicitFileType = wrapper.cfbundle; includeInIndex = 0; path = AppTests.xctest; sourceTree = BUILT_PRODUCTS_DIR; };
		65F7BB852980733B00CB06E6 /* AppTests.swift */ = {isa = PBXFileReference; lastKnownFileType = sourcecode.swift; path = AppTests.swift; sourceTree = "<group>"; };
		65F7BB8B2980733B00CB06E6 /* AppUITests.xctest */ = {isa = PBXFileReference; explicitFileType = wrapper.cfbundle; includeInIndex = 0; path = AppUITests.xctest; sourceTree = BUILT_PRODUCTS_DIR; };
		65F7BB8F2980733B00CB06E6 /* AppUITests.swift */ = {isa = PBXFileReference; lastKnownFileType = sourcecode.swift; path = AppUITests.swift; sourceTree = "<group>"; };
		65F7BB912980733B00CB06E6 /* AppUITestsLaunchTests.swift */ = {isa = PBXFileReference; lastKnownFileType = sourcecode.swift; path = AppUITestsLaunchTests.swift; sourceTree = "<group>"; };
/* End PBXFileReference section */

/* Begin PBXFrameworksBuildPhase section */
		65F7BB682980733800CB06E6 /* Frameworks */ = {
			isa = PBXFrameworksBuildPhase;
			buildActionMask = 2147483647;
			files = (
				4F7088E62995A631005D205D /* FirebaseDatabase in Frameworks */,
				4F7088F42995A631005D205D /* FirebaseFunctionsCombine-Community in Frameworks */,
				4F7088EC2995A631005D205D /* FirebaseFirestore in Frameworks */,
				4F7088D82995A631005D205D /* FirebaseAnalyticsSwift in Frameworks */,
				4F7088D42995A631005D205D /* FirebaseAnalytics in Frameworks */,
				4F7088D62995A631005D205D /* FirebaseAnalyticsOnDeviceConversion in Frameworks */,
				4F7088FC2995A631005D205D /* FirebaseMLModelDownloader in Frameworks */,
				4F7088F02995A631005D205D /* FirebaseFirestoreSwift in Frameworks */,
				4F7088DC2995A631005D205D /* FirebaseAppCheck in Frameworks */,
				4F7088DA2995A631005D205D /* FirebaseAnalyticsWithoutAdIdSupport in Frameworks */,
				4F7088E02995A631005D205D /* FirebaseAuth in Frameworks */,
				4F7088E42995A631005D205D /* FirebaseCrashlytics in Frameworks */,
				4F7089042995A631005D205D /* FirebaseRemoteConfigSwift in Frameworks */,
				4F7088F62995A631005D205D /* FirebaseInAppMessaging-Beta in Frameworks */,
				4F7088E82995A631005D205D /* FirebaseDatabaseSwift in Frameworks */,
				4F7088F22995A631005D205D /* FirebaseFunctions in Frameworks */,
				4F7089082995A631005D205D /* FirebaseStorageCombine-Community in Frameworks */,
				4F7089022995A631005D205D /* FirebaseRemoteConfig in Frameworks */,
				4F7088DE2995A631005D205D /* FirebaseAppDistribution-Beta in Frameworks */,
				4F7088E22995A631005D205D /* FirebaseAuthCombine-Community in Frameworks */,
				4F7089002995A631005D205D /* FirebasePerformance in Frameworks */,
				4F7088F82995A631005D205D /* FirebaseInAppMessagingSwift-Beta in Frameworks */,
				4F7089062995A631005D205D /* FirebaseStorage in Frameworks */,
				4F7088EA2995A631005D205D /* FirebaseDynamicLinks in Frameworks */,
				4F7088EE2995A631005D205D /* FirebaseFirestoreCombine-Community in Frameworks */,
				4F7088FE2995A631005D205D /* FirebaseMessaging in Frameworks */,
				4F7088FA2995A631005D205D /* FirebaseInstallations in Frameworks */,
			);
			runOnlyForDeploymentPostprocessing = 0;
		};
		65F7BB7E2980733B00CB06E6 /* Frameworks */ = {
			isa = PBXFrameworksBuildPhase;
			buildActionMask = 2147483647;
			files = (
			);
			runOnlyForDeploymentPostprocessing = 0;
		};
		65F7BB882980733B00CB06E6 /* Frameworks */ = {
			isa = PBXFrameworksBuildPhase;
			buildActionMask = 2147483647;
			files = (
			);
			runOnlyForDeploymentPostprocessing = 0;
		};
/* End PBXFrameworksBuildPhase section */

/* Begin PBXGroup section */
		65F7BB622980733800CB06E6 = {
			isa = PBXGroup;
			children = (
				65F7BB6D2980733900CB06E6 /* App */,
				65F7BB842980733B00CB06E6 /* AppTests */,
				65F7BB8E2980733B00CB06E6 /* AppUITests */,
				65F7BB6C2980733900CB06E6 /* Products */,
			);
			sourceTree = "<group>";
		};
		65F7BB6C2980733900CB06E6 /* Products */ = {
			isa = PBXGroup;
			children = (
				65F7BB6B2980733900CB06E6 /* App.app */,
				65F7BB812980733B00CB06E6 /* AppTests.xctest */,
				65F7BB8B2980733B00CB06E6 /* AppUITests.xctest */,
			);
			name = Products;
			sourceTree = "<group>";
		};
		65F7BB6D2980733900CB06E6 /* App */ = {
			isa = PBXGroup;
			children = (
				4FAC4096298317AB00C467E8 /* MapView.swift */,
				4F4E3CD2298AF3C400049BA1 /* MapViewModel.swift */,
				65F7BB6E2980733900CB06E6 /* MissMe.swift */,
				4C8213002A1E854B00078D57 /* GoogleService-Info.plist */,
				4F117D6329B94B310082997D /* HomeView.swift */,
				4F117D6529B951020082997D /* LoginView.swift */,
				4F117D6929BA96E00082997D /* RegisterView.swift */,
				4F117D6B29BA97A40082997D /* ImagePicker.swift */,
				4F432AB029B7DFE400AE0478 /* AppDelegate.swift */,
				4FAC409D29831FF000C467E8 /* Connections.swift */,
				4F73290229BE701C00B280C3 /* FriendsView.swift */,
				4FAC409B29831F3900C467E8 /* AccountView.swift */,
				4C8212FE2A1E846900078D57 /* editAccountView.swift */,
				65F7BB722980733A00CB06E6 /* Assets.xcassets */,
				65F7BB772980733A00CB06E6 /* Persistence.swift */,
				65F7BB7C2980733A00CB06E6 /* Info.plist */,
				65F7BB792980733A00CB06E6 /* App.xcdatamodeld */,
				65F7BB742980733A00CB06E6 /* Preview Content */,
				4F31DB622995A1D00052A49B /* Firestore.swift */,
				6573F7AD29BE81C40043D75C /* LocationServices.swift */,
			);
			path = App;
			sourceTree = "<group>";
		};
		65F7BB742980733A00CB06E6 /* Preview Content */ = {
			isa = PBXGroup;
			children = (
				65F7BB752980733A00CB06E6 /* Preview Assets.xcassets */,
			);
			path = "Preview Content";
			sourceTree = "<group>";
		};
		65F7BB842980733B00CB06E6 /* AppTests */ = {
			isa = PBXGroup;
			children = (
				65F7BB852980733B00CB06E6 /* AppTests.swift */,
			);
			path = AppTests;
			sourceTree = "<group>";
		};
		65F7BB8E2980733B00CB06E6 /* AppUITests */ = {
			isa = PBXGroup;
			children = (
				65F7BB8F2980733B00CB06E6 /* AppUITests.swift */,
				65F7BB912980733B00CB06E6 /* AppUITestsLaunchTests.swift */,
			);
			path = AppUITests;
			sourceTree = "<group>";
		};
/* End PBXGroup section */

/* Begin PBXNativeTarget section */
		65F7BB6A2980733800CB06E6 /* App */ = {
			isa = PBXNativeTarget;
			buildConfigurationList = 65F7BB952980733B00CB06E6 /* Build configuration list for PBXNativeTarget "App" */;
			buildPhases = (
				65F7BB672980733800CB06E6 /* Sources */,
				65F7BB682980733800CB06E6 /* Frameworks */,
				65F7BB692980733800CB06E6 /* Resources */,
			);
			buildRules = (
			);
			dependencies = (
			);
			name = App;
			packageProductDependencies = (
				4F7088D32995A631005D205D /* FirebaseAnalytics */,
				4F7088D52995A631005D205D /* FirebaseAnalyticsOnDeviceConversion */,
				4F7088D72995A631005D205D /* FirebaseAnalyticsSwift */,
				4F7088D92995A631005D205D /* FirebaseAnalyticsWithoutAdIdSupport */,
				4F7088DB2995A631005D205D /* FirebaseAppCheck */,
				4F7088DD2995A631005D205D /* FirebaseAppDistribution-Beta */,
				4F7088DF2995A631005D205D /* FirebaseAuth */,
				4F7088E12995A631005D205D /* FirebaseAuthCombine-Community */,
				4F7088E32995A631005D205D /* FirebaseCrashlytics */,
				4F7088E52995A631005D205D /* FirebaseDatabase */,
				4F7088E72995A631005D205D /* FirebaseDatabaseSwift */,
				4F7088E92995A631005D205D /* FirebaseDynamicLinks */,
				4F7088EB2995A631005D205D /* FirebaseFirestore */,
				4F7088ED2995A631005D205D /* FirebaseFirestoreCombine-Community */,
				4F7088EF2995A631005D205D /* FirebaseFirestoreSwift */,
				4F7088F12995A631005D205D /* FirebaseFunctions */,
				4F7088F32995A631005D205D /* FirebaseFunctionsCombine-Community */,
				4F7088F52995A631005D205D /* FirebaseInAppMessaging-Beta */,
				4F7088F72995A631005D205D /* FirebaseInAppMessagingSwift-Beta */,
				4F7088F92995A631005D205D /* FirebaseInstallations */,
				4F7088FB2995A631005D205D /* FirebaseMLModelDownloader */,
				4F7088FD2995A631005D205D /* FirebaseMessaging */,
				4F7088FF2995A631005D205D /* FirebasePerformance */,
				4F7089012995A631005D205D /* FirebaseRemoteConfig */,
				4F7089032995A631005D205D /* FirebaseRemoteConfigSwift */,
				4F7089052995A631005D205D /* FirebaseStorage */,
				4F7089072995A631005D205D /* FirebaseStorageCombine-Community */,
			);
			productName = App;
			productReference = 65F7BB6B2980733900CB06E6 /* App.app */;
			productType = "com.apple.product-type.application";
		};
		65F7BB802980733B00CB06E6 /* AppTests */ = {
			isa = PBXNativeTarget;
			buildConfigurationList = 65F7BB982980733B00CB06E6 /* Build configuration list for PBXNativeTarget "AppTests" */;
			buildPhases = (
				65F7BB7D2980733B00CB06E6 /* Sources */,
				65F7BB7E2980733B00CB06E6 /* Frameworks */,
				65F7BB7F2980733B00CB06E6 /* Resources */,
			);
			buildRules = (
			);
			dependencies = (
				65F7BB832980733B00CB06E6 /* PBXTargetDependency */,
			);
			name = AppTests;
			productName = AppTests;
			productReference = 65F7BB812980733B00CB06E6 /* AppTests.xctest */;
			productType = "com.apple.product-type.bundle.unit-test";
		};
		65F7BB8A2980733B00CB06E6 /* AppUITests */ = {
			isa = PBXNativeTarget;
			buildConfigurationList = 65F7BB9B2980733B00CB06E6 /* Build configuration list for PBXNativeTarget "AppUITests" */;
			buildPhases = (
				65F7BB872980733B00CB06E6 /* Sources */,
				65F7BB882980733B00CB06E6 /* Frameworks */,
				65F7BB892980733B00CB06E6 /* Resources */,
			);
			buildRules = (
			);
			dependencies = (
				65F7BB8D2980733B00CB06E6 /* PBXTargetDependency */,
			);
			name = AppUITests;
			productName = AppUITests;
			productReference = 65F7BB8B2980733B00CB06E6 /* AppUITests.xctest */;
			productType = "com.apple.product-type.bundle.ui-testing";
		};
/* End PBXNativeTarget section */

/* Begin PBXProject section */
		65F7BB632980733800CB06E6 /* Project object */ = {
			isa = PBXProject;
			attributes = {
				BuildIndependentTargetsInParallel = 1;
				LastSwiftUpdateCheck = 1420;
				LastUpgradeCheck = 1420;
				TargetAttributes = {
					65F7BB6A2980733800CB06E6 = {
						CreatedOnToolsVersion = 14.2;
					};
					65F7BB802980733B00CB06E6 = {
						CreatedOnToolsVersion = 14.2;
						TestTargetID = 65F7BB6A2980733800CB06E6;
					};
					65F7BB8A2980733B00CB06E6 = {
						CreatedOnToolsVersion = 14.2;
						TestTargetID = 65F7BB6A2980733800CB06E6;
					};
				};
			};
			buildConfigurationList = 65F7BB662980733800CB06E6 /* Build configuration list for PBXProject "App" */;
			compatibilityVersion = "Xcode 14.0";
			developmentRegion = en;
			hasScannedForEncodings = 0;
			knownRegions = (
				en,
				Base,
			);
			mainGroup = 65F7BB622980733800CB06E6;
			packageReferences = (
				4F7088D22995A631005D205D /* XCRemoteSwiftPackageReference "firebase-ios-sdk" */,
			);
			productRefGroup = 65F7BB6C2980733900CB06E6 /* Products */;
			projectDirPath = "";
			projectRoot = "";
			targets = (
				65F7BB6A2980733800CB06E6 /* App */,
				65F7BB802980733B00CB06E6 /* AppTests */,
				65F7BB8A2980733B00CB06E6 /* AppUITests */,
			);
		};
/* End PBXProject section */

/* Begin PBXResourcesBuildPhase section */
		65F7BB692980733800CB06E6 /* Resources */ = {
			isa = PBXResourcesBuildPhase;
			buildActionMask = 2147483647;
			files = (
				65F7BB762980733A00CB06E6 /* Preview Assets.xcassets in Resources */,
				4C8213012A1E854B00078D57 /* GoogleService-Info.plist in Resources */,
				65F7BB732980733A00CB06E6 /* Assets.xcassets in Resources */,
			);
			runOnlyForDeploymentPostprocessing = 0;
		};
		65F7BB7F2980733B00CB06E6 /* Resources */ = {
			isa = PBXResourcesBuildPhase;
			buildActionMask = 2147483647;
			files = (
			);
			runOnlyForDeploymentPostprocessing = 0;
		};
		65F7BB892980733B00CB06E6 /* Resources */ = {
			isa = PBXResourcesBuildPhase;
			buildActionMask = 2147483647;
			files = (
			);
			runOnlyForDeploymentPostprocessing = 0;
		};
/* End PBXResourcesBuildPhase section */

/* Begin PBXSourcesBuildPhase section */
		65F7BB672980733800CB06E6 /* Sources */ = {
			isa = PBXSourcesBuildPhase;
			buildActionMask = 2147483647;
			files = (
				4FAC40982983183C00C467E8 /* MapView.swift in Sources */,
				4F73290329BE701C00B280C3 /* FriendsView.swift in Sources */,
				4F4E3CD3298AF3C400049BA1 /* MapViewModel.swift in Sources */,
				4F117D6A29BA96E00082997D /* RegisterView.swift in Sources */,
				4FAC409E29831FF000C467E8 /* Connections.swift in Sources */,
				65F7BB782980733A00CB06E6 /* Persistence.swift in Sources */,
				4F31DB632995A1D00052A49B /* Firestore.swift in Sources */,
				4F117D6629B951020082997D /* LoginView.swift in Sources */,
				65F7BB7B2980733A00CB06E6 /* App.xcdatamodeld in Sources */,
				65F7BB6F2980733900CB06E6 /* MissMe.swift in Sources */,
				4F432AB129B7DFE400AE0478 /* AppDelegate.swift in Sources */,
				4F117D6C29BA97A40082997D /* ImagePicker.swift in Sources */,
				4F117D6429B94B310082997D /* HomeView.swift in Sources */,
				4C8212FF2A1E846900078D57 /* editAccountView.swift in Sources */,
				6573F7AE29BE81C40043D75C /* LocationServices.swift in Sources */,
				4FAC409C29831F3900C467E8 /* AccountView.swift in Sources */,
			);
			runOnlyForDeploymentPostprocessing = 0;
		};
		65F7BB7D2980733B00CB06E6 /* Sources */ = {
			isa = PBXSourcesBuildPhase;
			buildActionMask = 2147483647;
			files = (
				65F7BB862980733B00CB06E6 /* AppTests.swift in Sources */,
			);
			runOnlyForDeploymentPostprocessing = 0;
		};
		65F7BB872980733B00CB06E6 /* Sources */ = {
			isa = PBXSourcesBuildPhase;
			buildActionMask = 2147483647;
			files = (
				65F7BB922980733B00CB06E6 /* AppUITestsLaunchTests.swift in Sources */,
				65F7BB902980733B00CB06E6 /* AppUITests.swift in Sources */,
			);
			runOnlyForDeploymentPostprocessing = 0;
		};
/* End PBXSourcesBuildPhase section */

/* Begin PBXTargetDependency section */
		65F7BB832980733B00CB06E6 /* PBXTargetDependency */ = {
			isa = PBXTargetDependency;
			target = 65F7BB6A2980733800CB06E6 /* App */;
			targetProxy = 65F7BB822980733B00CB06E6 /* PBXContainerItemProxy */;
		};
		65F7BB8D2980733B00CB06E6 /* PBXTargetDependency */ = {
			isa = PBXTargetDependency;
			target = 65F7BB6A2980733800CB06E6 /* App */;
			targetProxy = 65F7BB8C2980733B00CB06E6 /* PBXContainerItemProxy */;
		};
/* End PBXTargetDependency section */

/* Begin XCBuildConfiguration section */
		65F7BB932980733B00CB06E6 /* Debug */ = {
			isa = XCBuildConfiguration;
			buildSettings = {
				ALWAYS_SEARCH_USER_PATHS = NO;
				CLANG_ANALYZER_NONNULL = YES;
				CLANG_ANALYZER_NUMBER_OBJECT_CONVERSION = YES_AGGRESSIVE;
				CLANG_CXX_LANGUAGE_STANDARD = "gnu++20";
				CLANG_ENABLE_MODULES = YES;
				CLANG_ENABLE_OBJC_ARC = YES;
				CLANG_ENABLE_OBJC_WEAK = YES;
				CLANG_WARN_BLOCK_CAPTURE_AUTORELEASING = YES;
				CLANG_WARN_BOOL_CONVERSION = YES;
				CLANG_WARN_COMMA = YES;
				CLANG_WARN_CONSTANT_CONVERSION = YES;
				CLANG_WARN_DEPRECATED_OBJC_IMPLEMENTATIONS = YES;
				CLANG_WARN_DIRECT_OBJC_ISA_USAGE = YES_ERROR;
				CLANG_WARN_DOCUMENTATION_COMMENTS = YES;
				CLANG_WARN_EMPTY_BODY = YES;
				CLANG_WARN_ENUM_CONVERSION = YES;
				CLANG_WARN_INFINITE_RECURSION = YES;
				CLANG_WARN_INT_CONVERSION = YES;
				CLANG_WARN_NON_LITERAL_NULL_CONVERSION = YES;
				CLANG_WARN_OBJC_IMPLICIT_RETAIN_SELF = YES;
				CLANG_WARN_OBJC_LITERAL_CONVERSION = YES;
				CLANG_WARN_OBJC_ROOT_CLASS = YES_ERROR;
				CLANG_WARN_QUOTED_INCLUDE_IN_FRAMEWORK_HEADER = YES;
				CLANG_WARN_RANGE_LOOP_ANALYSIS = YES;
				CLANG_WARN_STRICT_PROTOTYPES = YES;
				CLANG_WARN_SUSPICIOUS_MOVE = YES;
				CLANG_WARN_UNGUARDED_AVAILABILITY = YES_AGGRESSIVE;
				CLANG_WARN_UNREACHABLE_CODE = YES;
				CLANG_WARN__DUPLICATE_METHOD_MATCH = YES;
				COPY_PHASE_STRIP = NO;
				DEBUG_INFORMATION_FORMAT = dwarf;
				ENABLE_STRICT_OBJC_MSGSEND = YES;
				ENABLE_TESTABILITY = YES;
				GCC_C_LANGUAGE_STANDARD = gnu11;
				GCC_DYNAMIC_NO_PIC = NO;
				GCC_NO_COMMON_BLOCKS = YES;
				GCC_OPTIMIZATION_LEVEL = 0;
				GCC_PREPROCESSOR_DEFINITIONS = (
					"DEBUG=1",
					"$(inherited)",
				);
				GCC_WARN_64_TO_32_BIT_CONVERSION = YES;
				GCC_WARN_ABOUT_RETURN_TYPE = YES_ERROR;
				GCC_WARN_UNDECLARED_SELECTOR = YES;
				GCC_WARN_UNINITIALIZED_AUTOS = YES_AGGRESSIVE;
				GCC_WARN_UNUSED_FUNCTION = YES;
				GCC_WARN_UNUSED_VARIABLE = YES;
				IPHONEOS_DEPLOYMENT_TARGET = 16.2;
				ONLY_ACTIVE_ARCH = YES;
				SDKROOT = iphoneos;
				SWIFT_ACTIVE_COMPILATION_CONDITIONS = DEBUG;
				SWIFT_OPTIMIZATION_LEVEL = "-Onone";
			};
			name = Debug;
		};
		65F7BB942980733B00CB06E6 /* Release */ = {
			isa = XCBuildConfiguration;
			buildSettings = {
				ALWAYS_SEARCH_USER_PATHS = NO;
				CLANG_ANALYZER_NONNULL = YES;
				CLANG_ANALYZER_NUMBER_OBJECT_CONVERSION = YES_AGGRESSIVE;
				CLANG_CXX_LANGUAGE_STANDARD = "gnu++20";
				CLANG_ENABLE_MODULES = YES;
				CLANG_ENABLE_OBJC_ARC = YES;
				CLANG_ENABLE_OBJC_WEAK = YES;
				CLANG_WARN_BLOCK_CAPTURE_AUTORELEASING = YES;
				CLANG_WARN_BOOL_CONVERSION = YES;
				CLANG_WARN_COMMA = YES;
				CLANG_WARN_CONSTANT_CONVERSION = YES;
				CLANG_WARN_DEPRECATED_OBJC_IMPLEMENTATIONS = YES;
				CLANG_WARN_DIRECT_OBJC_ISA_USAGE = YES_ERROR;
				CLANG_WARN_DOCUMENTATION_COMMENTS = YES;
				CLANG_WARN_EMPTY_BODY = YES;
				CLANG_WARN_ENUM_CONVERSION = YES;
				CLANG_WARN_INFINITE_RECURSION = YES;
				CLANG_WARN_INT_CONVERSION = YES;
				CLANG_WARN_NON_LITERAL_NULL_CONVERSION = YES;
				CLANG_WARN_OBJC_IMPLICIT_RETAIN_SELF = YES;
				CLANG_WARN_OBJC_LITERAL_CONVERSION = YES;
				CLANG_WARN_OBJC_ROOT_CLASS = YES_ERROR;
				CLANG_WARN_QUOTED_INCLUDE_IN_FRAMEWORK_HEADER = YES;
				CLANG_WARN_RANGE_LOOP_ANALYSIS = YES;
				CLANG_WARN_STRICT_PROTOTYPES = YES;
				CLANG_WARN_SUSPICIOUS_MOVE = YES;
				CLANG_WARN_UNGUARDED_AVAILABILITY = YES_AGGRESSIVE;
				CLANG_WARN_UNREACHABLE_CODE = YES;
				CLANG_WARN__DUPLICATE_METHOD_MATCH = YES;
				COPY_PHASE_STRIP = NO;
				DEBUG_INFORMATION_FORMAT = "dwarf-with-dsym";
				ENABLE_NS_ASSERTIONS = NO;
				ENABLE_STRICT_OBJC_MSGSEND = YES;
				GCC_C_LANGUAGE_STANDARD = gnu11;
				GCC_NO_COMMON_BLOCKS = YES;
				GCC_WARN_64_TO_32_BIT_CONVERSION = YES;
				GCC_WARN_ABOUT_RETURN_TYPE = YES_ERROR;
				GCC_WARN_UNDECLARED_SELECTOR = YES;
				GCC_WARN_UNINITIALIZED_AUTOS = YES_AGGRESSIVE;
				GCC_WARN_UNUSED_FUNCTION = YES;
				GCC_WARN_UNUSED_VARIABLE = YES;
				IPHONEOS_DEPLOYMENT_TARGET = 16.2;
				SDKROOT = iphoneos;
				SWIFT_COMPILATION_MODE = wholemodule;
				SWIFT_OPTIMIZATION_LEVEL = "-O";
				VALIDATE_PRODUCT = YES;
			};
			name = Release;
		};
		65F7BB962980733B00CB06E6 /* Debug */ = {
			isa = XCBuildConfiguration;
			buildSettings = {
				ASSETCATALOG_COMPILER_APPICON_NAME = AppIcon;
				ASSETCATALOG_COMPILER_GLOBAL_ACCENT_COLOR_NAME = AccentColor;
				CODE_SIGN_STYLE = Automatic;
				CURRENT_PROJECT_VERSION = 1;
				DEVELOPMENT_ASSET_PATHS = "\"App/Preview Content\"";
				DEVELOPMENT_TEAM = 752MG7323Q;
				ENABLE_PREVIEWS = YES;
				GENERATE_INFOPLIST_FILE = YES;
				INFOPLIST_FILE = App/Info.plist;
				INFOPLIST_KEY_NSLocationAlwaysAndWhenInUseUsageDescription = "Verify location.";
				INFOPLIST_KEY_NSLocationAlwaysUsageDescription = Verify.;
				INFOPLIST_KEY_NSLocationWhenInUseUsageDescription = Location.;
				INFOPLIST_KEY_UIApplicationSceneManifest_Generation = YES;
				INFOPLIST_KEY_UIApplicationSupportsIndirectInputEvents = YES;
				INFOPLIST_KEY_UILaunchScreen_Generation = YES;
				INFOPLIST_KEY_UISupportedInterfaceOrientations_iPad = "UIInterfaceOrientationPortrait UIInterfaceOrientationPortraitUpsideDown UIInterfaceOrientationLandscapeLeft UIInterfaceOrientationLandscapeRight";
				INFOPLIST_KEY_UISupportedInterfaceOrientations_iPhone = "UIInterfaceOrientationPortrait UIInterfaceOrientationLandscapeLeft UIInterfaceOrientationLandscapeRight";
				IPHONEOS_DEPLOYMENT_TARGET = 16.0;
				LD_RUNPATH_SEARCH_PATHS = (
					"$(inherited)",
					"@executable_path/Frameworks",
				);
				MARKETING_VERSION = 1.0;
				PRODUCT_BUNDLE_IDENTIFIER = com.DDDJ.app;
				PRODUCT_NAME = "$(TARGET_NAME)";
				SWIFT_EMIT_LOC_STRINGS = YES;
				SWIFT_VERSION = 5.0;
				TARGETED_DEVICE_FAMILY = "1,2";
			};
			name = Debug;
		};
		65F7BB972980733B00CB06E6 /* Release */ = {
			isa = XCBuildConfiguration;
			buildSettings = {
				ASSETCATALOG_COMPILER_APPICON_NAME = AppIcon;
				ASSETCATALOG_COMPILER_GLOBAL_ACCENT_COLOR_NAME = AccentColor;
				CODE_SIGN_STYLE = Automatic;
				CURRENT_PROJECT_VERSION = 1;
				DEVELOPMENT_ASSET_PATHS = "\"App/Preview Content\"";
				DEVELOPMENT_TEAM = 752MG7323Q;
				ENABLE_PREVIEWS = YES;
				GENERATE_INFOPLIST_FILE = YES;
				INFOPLIST_FILE = App/Info.plist;
				INFOPLIST_KEY_NSLocationAlwaysAndWhenInUseUsageDescription = "Verify location.";
				INFOPLIST_KEY_NSLocationAlwaysUsageDescription = Verify.;
				INFOPLIST_KEY_NSLocationWhenInUseUsageDescription = Location.;
				INFOPLIST_KEY_UIApplicationSceneManifest_Generation = YES;
				INFOPLIST_KEY_UIApplicationSupportsIndirectInputEvents = YES;
				INFOPLIST_KEY_UILaunchScreen_Generation = YES;
				INFOPLIST_KEY_UISupportedInterfaceOrientations_iPad = "UIInterfaceOrientationPortrait UIInterfaceOrientationPortraitUpsideDown UIInterfaceOrientationLandscapeLeft UIInterfaceOrientationLandscapeRight";
				INFOPLIST_KEY_UISupportedInterfaceOrientations_iPhone = "UIInterfaceOrientationPortrait UIInterfaceOrientationLandscapeLeft UIInterfaceOrientationLandscapeRight";
				IPHONEOS_DEPLOYMENT_TARGET = 16.0;
				LD_RUNPATH_SEARCH_PATHS = (
					"$(inherited)",
					"@executable_path/Frameworks",
				);
				MARKETING_VERSION = 1.0;
				PRODUCT_BUNDLE_IDENTIFIER = com.DDDJ.app;
				PRODUCT_NAME = "$(TARGET_NAME)";
				SWIFT_EMIT_LOC_STRINGS = YES;
				SWIFT_VERSION = 5.0;
				TARGETED_DEVICE_FAMILY = "1,2";
			};
			name = Release;
		};
		65F7BB992980733B00CB06E6 /* Debug */ = {
			isa = XCBuildConfiguration;
			buildSettings = {
				ALWAYS_EMBED_SWIFT_STANDARD_LIBRARIES = YES;
				BUNDLE_LOADER = "$(TEST_HOST)";
				CODE_SIGN_STYLE = Automatic;
				CURRENT_PROJECT_VERSION = 1;
				GENERATE_INFOPLIST_FILE = YES;
				IPHONEOS_DEPLOYMENT_TARGET = 16.2;
				MARKETING_VERSION = 1.0;
				PRODUCT_BUNDLE_IDENTIFIER = com.DDDJ.AppTests;
				PRODUCT_NAME = "$(TARGET_NAME)";
				SWIFT_EMIT_LOC_STRINGS = NO;
				SWIFT_VERSION = 5.0;
				TARGETED_DEVICE_FAMILY = "1,2";
				TEST_HOST = "$(BUILT_PRODUCTS_DIR)/App.app/$(BUNDLE_EXECUTABLE_FOLDER_PATH)/App";
			};
			name = Debug;
		};
		65F7BB9A2980733B00CB06E6 /* Release */ = {
			isa = XCBuildConfiguration;
			buildSettings = {
				ALWAYS_EMBED_SWIFT_STANDARD_LIBRARIES = YES;
				BUNDLE_LOADER = "$(TEST_HOST)";
				CODE_SIGN_STYLE = Automatic;
				CURRENT_PROJECT_VERSION = 1;
				GENERATE_INFOPLIST_FILE = YES;
				IPHONEOS_DEPLOYMENT_TARGET = 16.2;
				MARKETING_VERSION = 1.0;
				PRODUCT_BUNDLE_IDENTIFIER = com.DDDJ.AppTests;
				PRODUCT_NAME = "$(TARGET_NAME)";
				SWIFT_EMIT_LOC_STRINGS = NO;
				SWIFT_VERSION = 5.0;
				TARGETED_DEVICE_FAMILY = "1,2";
				TEST_HOST = "$(BUILT_PRODUCTS_DIR)/App.app/$(BUNDLE_EXECUTABLE_FOLDER_PATH)/App";
			};
			name = Release;
		};
		65F7BB9C2980733B00CB06E6 /* Debug */ = {
			isa = XCBuildConfiguration;
			buildSettings = {
				ALWAYS_EMBED_SWIFT_STANDARD_LIBRARIES = YES;
				CODE_SIGN_STYLE = Automatic;
				CURRENT_PROJECT_VERSION = 1;
				GENERATE_INFOPLIST_FILE = YES;
				MARKETING_VERSION = 1.0;
				PRODUCT_BUNDLE_IDENTIFIER = com.DDDJ.AppUITests;
				PRODUCT_NAME = "$(TARGET_NAME)";
				SWIFT_EMIT_LOC_STRINGS = NO;
				SWIFT_VERSION = 5.0;
				TARGETED_DEVICE_FAMILY = "1,2";
				TEST_TARGET_NAME = App;
			};
			name = Debug;
		};
		65F7BB9D2980733B00CB06E6 /* Release */ = {
			isa = XCBuildConfiguration;
			buildSettings = {
				ALWAYS_EMBED_SWIFT_STANDARD_LIBRARIES = YES;
				CODE_SIGN_STYLE = Automatic;
				CURRENT_PROJECT_VERSION = 1;
				GENERATE_INFOPLIST_FILE = YES;
				MARKETING_VERSION = 1.0;
				PRODUCT_BUNDLE_IDENTIFIER = com.DDDJ.AppUITests;
				PRODUCT_NAME = "$(TARGET_NAME)";
				SWIFT_EMIT_LOC_STRINGS = NO;
				SWIFT_VERSION = 5.0;
				TARGETED_DEVICE_FAMILY = "1,2";
				TEST_TARGET_NAME = App;
			};
			name = Release;
		};
/* End XCBuildConfiguration section */

/* Begin XCConfigurationList section */
		65F7BB662980733800CB06E6 /* Build configuration list for PBXProject "App" */ = {
			isa = XCConfigurationList;
			buildConfigurations = (
				65F7BB932980733B00CB06E6 /* Debug */,
				65F7BB942980733B00CB06E6 /* Release */,
			);
			defaultConfigurationIsVisible = 0;
			defaultConfigurationName = Release;
		};
		65F7BB952980733B00CB06E6 /* Build configuration list for PBXNativeTarget "App" */ = {
			isa = XCConfigurationList;
			buildConfigurations = (
				65F7BB962980733B00CB06E6 /* Debug */,
				65F7BB972980733B00CB06E6 /* Release */,
			);
			defaultConfigurationIsVisible = 0;
			defaultConfigurationName = Release;
		};
		65F7BB982980733B00CB06E6 /* Build configuration list for PBXNativeTarget "AppTests" */ = {
			isa = XCConfigurationList;
			buildConfigurations = (
				65F7BB992980733B00CB06E6 /* Debug */,
				65F7BB9A2980733B00CB06E6 /* Release */,
			);
			defaultConfigurationIsVisible = 0;
			defaultConfigurationName = Release;
		};
		65F7BB9B2980733B00CB06E6 /* Build configuration list for PBXNativeTarget "AppUITests" */ = {
			isa = XCConfigurationList;
			buildConfigurations = (
				65F7BB9C2980733B00CB06E6 /* Debug */,
				65F7BB9D2980733B00CB06E6 /* Release */,
			);
			defaultConfigurationIsVisible = 0;
			defaultConfigurationName = Release;
		};
/* End XCConfigurationList section */

/* Begin XCRemoteSwiftPackageReference section */
		4F7088D22995A631005D205D /* XCRemoteSwiftPackageReference "firebase-ios-sdk" */ = {
			isa = XCRemoteSwiftPackageReference;
			repositoryURL = "https://github.com/firebase/firebase-ios-sdk";
			requirement = {
				branch = master;
				kind = branch;
			};
		};
/* End XCRemoteSwiftPackageReference section */

/* Begin XCSwiftPackageProductDependency section */
		4F7088D32995A631005D205D /* FirebaseAnalytics */ = {
			isa = XCSwiftPackageProductDependency;
			package = 4F7088D22995A631005D205D /* XCRemoteSwiftPackageReference "firebase-ios-sdk" */;
			productName = FirebaseAnalytics;
		};
		4F7088D52995A631005D205D /* FirebaseAnalyticsOnDeviceConversion */ = {
			isa = XCSwiftPackageProductDependency;
			package = 4F7088D22995A631005D205D /* XCRemoteSwiftPackageReference "firebase-ios-sdk" */;
			productName = FirebaseAnalyticsOnDeviceConversion;
		};
		4F7088D72995A631005D205D /* FirebaseAnalyticsSwift */ = {
			isa = XCSwiftPackageProductDependency;
			package = 4F7088D22995A631005D205D /* XCRemoteSwiftPackageReference "firebase-ios-sdk" */;
			productName = FirebaseAnalyticsSwift;
		};
		4F7088D92995A631005D205D /* FirebaseAnalyticsWithoutAdIdSupport */ = {
			isa = XCSwiftPackageProductDependency;
			package = 4F7088D22995A631005D205D /* XCRemoteSwiftPackageReference "firebase-ios-sdk" */;
			productName = FirebaseAnalyticsWithoutAdIdSupport;
		};
		4F7088DB2995A631005D205D /* FirebaseAppCheck */ = {
			isa = XCSwiftPackageProductDependency;
			package = 4F7088D22995A631005D205D /* XCRemoteSwiftPackageReference "firebase-ios-sdk" */;
			productName = FirebaseAppCheck;
		};
		4F7088DD2995A631005D205D /* FirebaseAppDistribution-Beta */ = {
			isa = XCSwiftPackageProductDependency;
			package = 4F7088D22995A631005D205D /* XCRemoteSwiftPackageReference "firebase-ios-sdk" */;
			productName = "FirebaseAppDistribution-Beta";
		};
		4F7088DF2995A631005D205D /* FirebaseAuth */ = {
			isa = XCSwiftPackageProductDependency;
			package = 4F7088D22995A631005D205D /* XCRemoteSwiftPackageReference "firebase-ios-sdk" */;
			productName = FirebaseAuth;
		};
		4F7088E12995A631005D205D /* FirebaseAuthCombine-Community */ = {
			isa = XCSwiftPackageProductDependency;
			package = 4F7088D22995A631005D205D /* XCRemoteSwiftPackageReference "firebase-ios-sdk" */;
			productName = "FirebaseAuthCombine-Community";
		};
		4F7088E32995A631005D205D /* FirebaseCrashlytics */ = {
			isa = XCSwiftPackageProductDependency;
			package = 4F7088D22995A631005D205D /* XCRemoteSwiftPackageReference "firebase-ios-sdk" */;
			productName = FirebaseCrashlytics;
		};
		4F7088E52995A631005D205D /* FirebaseDatabase */ = {
			isa = XCSwiftPackageProductDependency;
			package = 4F7088D22995A631005D205D /* XCRemoteSwiftPackageReference "firebase-ios-sdk" */;
			productName = FirebaseDatabase;
		};
		4F7088E72995A631005D205D /* FirebaseDatabaseSwift */ = {
			isa = XCSwiftPackageProductDependency;
			package = 4F7088D22995A631005D205D /* XCRemoteSwiftPackageReference "firebase-ios-sdk" */;
			productName = FirebaseDatabaseSwift;
		};
		4F7088E92995A631005D205D /* FirebaseDynamicLinks */ = {
			isa = XCSwiftPackageProductDependency;
			package = 4F7088D22995A631005D205D /* XCRemoteSwiftPackageReference "firebase-ios-sdk" */;
			productName = FirebaseDynamicLinks;
		};
		4F7088EB2995A631005D205D /* FirebaseFirestore */ = {
			isa = XCSwiftPackageProductDependency;
			package = 4F7088D22995A631005D205D /* XCRemoteSwiftPackageReference "firebase-ios-sdk" */;
			productName = FirebaseFirestore;
		};
		4F7088ED2995A631005D205D /* FirebaseFirestoreCombine-Community */ = {
			isa = XCSwiftPackageProductDependency;
			package = 4F7088D22995A631005D205D /* XCRemoteSwiftPackageReference "firebase-ios-sdk" */;
			productName = "FirebaseFirestoreCombine-Community";
		};
		4F7088EF2995A631005D205D /* FirebaseFirestoreSwift */ = {
			isa = XCSwiftPackageProductDependency;
			package = 4F7088D22995A631005D205D /* XCRemoteSwiftPackageReference "firebase-ios-sdk" */;
			productName = FirebaseFirestoreSwift;
		};
		4F7088F12995A631005D205D /* FirebaseFunctions */ = {
			isa = XCSwiftPackageProductDependency;
			package = 4F7088D22995A631005D205D /* XCRemoteSwiftPackageReference "firebase-ios-sdk" */;
			productName = FirebaseFunctions;
		};
		4F7088F32995A631005D205D /* FirebaseFunctionsCombine-Community */ = {
			isa = XCSwiftPackageProductDependency;
			package = 4F7088D22995A631005D205D /* XCRemoteSwiftPackageReference "firebase-ios-sdk" */;
			productName = "FirebaseFunctionsCombine-Community";
		};
		4F7088F52995A631005D205D /* FirebaseInAppMessaging-Beta */ = {
			isa = XCSwiftPackageProductDependency;
			package = 4F7088D22995A631005D205D /* XCRemoteSwiftPackageReference "firebase-ios-sdk" */;
			productName = "FirebaseInAppMessaging-Beta";
		};
		4F7088F72995A631005D205D /* FirebaseInAppMessagingSwift-Beta */ = {
			isa = XCSwiftPackageProductDependency;
			package = 4F7088D22995A631005D205D /* XCRemoteSwiftPackageReference "firebase-ios-sdk" */;
			productName = "FirebaseInAppMessagingSwift-Beta";
		};
		4F7088F92995A631005D205D /* FirebaseInstallations */ = {
			isa = XCSwiftPackageProductDependency;
			package = 4F7088D22995A631005D205D /* XCRemoteSwiftPackageReference "firebase-ios-sdk" */;
			productName = FirebaseInstallations;
		};
		4F7088FB2995A631005D205D /* FirebaseMLModelDownloader */ = {
			isa = XCSwiftPackageProductDependency;
			package = 4F7088D22995A631005D205D /* XCRemoteSwiftPackageReference "firebase-ios-sdk" */;
			productName = FirebaseMLModelDownloader;
		};
		4F7088FD2995A631005D205D /* FirebaseMessaging */ = {
			isa = XCSwiftPackageProductDependency;
			package = 4F7088D22995A631005D205D /* XCRemoteSwiftPackageReference "firebase-ios-sdk" */;
			productName = FirebaseMessaging;
		};
		4F7088FF2995A631005D205D /* FirebasePerformance */ = {
			isa = XCSwiftPackageProductDependency;
			package = 4F7088D22995A631005D205D /* XCRemoteSwiftPackageReference "firebase-ios-sdk" */;
			productName = FirebasePerformance;
		};
		4F7089012995A631005D205D /* FirebaseRemoteConfig */ = {
			isa = XCSwiftPackageProductDependency;
			package = 4F7088D22995A631005D205D /* XCRemoteSwiftPackageReference "firebase-ios-sdk" */;
			productName = FirebaseRemoteConfig;
		};
		4F7089032995A631005D205D /* FirebaseRemoteConfigSwift */ = {
			isa = XCSwiftPackageProductDependency;
			package = 4F7088D22995A631005D205D /* XCRemoteSwiftPackageReference "firebase-ios-sdk" */;
			productName = FirebaseRemoteConfigSwift;
		};
		4F7089052995A631005D205D /* FirebaseStorage */ = {
			isa = XCSwiftPackageProductDependency;
			package = 4F7088D22995A631005D205D /* XCRemoteSwiftPackageReference "firebase-ios-sdk" */;
			productName = FirebaseStorage;
		};
		4F7089072995A631005D205D /* FirebaseStorageCombine-Community */ = {
			isa = XCSwiftPackageProductDependency;
			package = 4F7088D22995A631005D205D /* XCRemoteSwiftPackageReference "firebase-ios-sdk" */;
			productName = "FirebaseStorageCombine-Community";
		};
/* End XCSwiftPackageProductDependency section */

/* Begin XCVersionGroup section */
		65F7BB792980733A00CB06E6 /* App.xcdatamodeld */ = {
			isa = XCVersionGroup;
			children = (
				65F7BB7A2980733A00CB06E6 /* App.xcdatamodel */,
			);
			currentVersion = 65F7BB7A2980733A00CB06E6 /* App.xcdatamodel */;
			path = App.xcdatamodeld;
			sourceTree = "<group>";
			versionGroupType = wrapper.xcdatamodel;
		};
/* End XCVersionGroup section */
	};
	rootObject = 65F7BB632980733800CB06E6 /* Project object */;
}
